
Microsoft Visual Studio Solution File, Format Version 12.00
# Visual Studio Version 17
VisualStudioVersion = 17.6.33620.401
MinimumVisualStudioVersion = 10.0.40219.1
Project("{FAE04EC0-301F-11D3-BF4B-00C04F79EFBC}") = "MagicVilla_VillaAPI", "MagicVilla_VillaAPI\MagicVilla_VillaAPI.csproj", "{89CB5EFD-E894-450E-94B6-AAFF8F6ECAF0}"
EndProject
Global
	GlobalSection(SolutionConfigurationPlatforms) = preSolution
		Debug|Any CPU = Debug|Any CPU
		Release|Any CPU = Release|Any CPU
	EndGlobalSection
	GlobalSection(ProjectConfigurationPlatforms) = postSolution
		{89CB5EFD-E894-450E-94B6-AAFF8F6ECAF0}.Debug|Any CPU.ActiveCfg = Debug|Any CPU
		{89CB5EFD-E894-450E-94B6-AAFF8F6ECAF0}.Debug|Any CPU.Build.0 = Debug|Any CPU
		{89CB5EFD-E894-450E-94B6-AAFF8F6ECAF0}.Release|Any CPU.ActiveCfg = Release|Any CPU
		{89CB5EFD-E894-450E-94B6-AAFF8F6ECAF0}.Release|Any CPU.Build.0 = Release|Any CPU
	EndGlobalSection
	GlobalSection(SolutionProperties) = preSolution
		HideSolutionNode = FALSE
	EndGlobalSection
	GlobalSection(ExtensibilityGlobals) = postSolution
		SolutionGuid = {0B8CBC8F-4FF2-408D-B6B0-C4041A9FF4EC}
	EndGlobalSection
EndGlobal
